// !$*UTF8*$!
{
	archiveVersion = 1;
	classes = {
	};
	objectVersion = 48;
	objects = {

/* Begin PBXBuildFile section */
		DB826B271FAA9C7B00BAEF62 /* AppDelegate.m in Sources */ = {isa = PBXBuildFile; fileRef = DB826B261FAA9C7B00BAEF62 /* AppDelegate.m */; };
		DB826B2A1FAA9C7B00BAEF62 /* ViewController.m in Sources */ = {isa = PBXBuildFile; fileRef = DB826B291FAA9C7B00BAEF62 /* ViewController.m */; };
		DB826B2D1FAA9C7B00BAEF62 /* Main.storyboard in Resources */ = {isa = PBXBuildFile; fileRef = DB826B2B1FAA9C7B00BAEF62 /* Main.storyboard */; };
		DB826B301FAA9C7B00BAEF62 /* Tarea5.xcdatamodeld in Sources */ = {isa = PBXBuildFile; fileRef = DB826B2E1FAA9C7B00BAEF62 /* Tarea5.xcdatamodeld */; };
		DB826B321FAA9C7B00BAEF62 /* Assets.xcassets in Resources */ = {isa = PBXBuildFile; fileRef = DB826B311FAA9C7B00BAEF62 /* Assets.xcassets */; };
		DB826B351FAA9C7B00BAEF62 /* LaunchScreen.storyboard in Resources */ = {isa = PBXBuildFile; fileRef = DB826B331FAA9C7B00BAEF62 /* LaunchScreen.storyboard */; };
		DB826B381FAA9C7B00BAEF62 /* main.m in Sources */ = {isa = PBXBuildFile; fileRef = DB826B371FAA9C7B00BAEF62 /* main.m */; };
		DB826B421FAAA38700BAEF62 /* tablecontrollers.m in Sources */ = {isa = PBXBuildFile; fileRef = DB826B411FAAA38700BAEF62 /* tablecontrollers.m */; };
		DB826B451FAAA3D100BAEF62 /* tablecontrollerfinal.m in Sources */ = {isa = PBXBuildFile; fileRef = DB826B441FAAA3D100BAEF62 /* tablecontrollerfinal.m */; };
		DB826B481FAAA41100BAEF62 /* final.m in Sources */ = {isa = PBXBuildFile; fileRef = DB826B471FAAA41100BAEF62 /* final.m */; };
/* End PBXBuildFile section */

/* Begin PBXFileReference section */
		DB826B221FAA9C7A00BAEF62 /* Tarea5.app */ = {isa = PBXFileReference; explicitFileType = wrapper.application; includeInIndex = 0; path = Tarea5.app; sourceTree = BUILT_PRODUCTS_DIR; };
		DB826B251FAA9C7B00BAEF62 /* AppDelegate.h */ = {isa = PBXFileReference; lastKnownFileType = sourcecode.c.h; path = AppDelegate.h; sourceTree = "<group>"; };
		DB826B261FAA9C7B00BAEF62 /* AppDelegate.m */ = {isa = PBXFileReference; lastKnownFileType = sourcecode.c.objc; path = AppDelegate.m; sourceTree = "<group>"; };
		DB826B281FAA9C7B00BAEF62 /* ViewController.h */ = {isa = PBXFileReference; lastKnownFileType = sourcecode.c.h; path = ViewController.h; sourceTree = "<group>"; };
		DB826B291FAA9C7B00BAEF62 /* ViewController.m */ = {isa = PBXFileReference; lastKnownFileType = sourcecode.c.objc; path = ViewController.m; sourceTree = "<group>"; };
		DB826B2C1FAA9C7B00BAEF62 /* Base */ = {isa = PBXFileReference; lastKnownFileType = file.storyboard; name = Base; path = Base.lproj/Main.storyboard; sourceTree = "<group>"; };
		DB826B2F1FAA9C7B00BAEF62 /* Tarea5.xcdatamodel */ = {isa = PBXFileReference; lastKnownFileType = wrapper.xcdatamodel; path = Tarea5.xcdatamodel; sourceTree = "<group>"; };
		DB826B311FAA9C7B00BAEF62 /* Assets.xcassets */ = {isa = PBXFileReference; lastKnownFileType = folder.assetcatalog; path = Assets.xcassets; sourceTree = "<group>"; };
		DB826B341FAA9C7B00BAEF62 /* Base */ = {isa = PBXFileReference; lastKnownFileType = file.storyboard; name = Base; path = Base.lproj/LaunchScreen.storyboard; sourceTree = "<group>"; };
		DB826B361FAA9C7B00BAEF62 /* Info.plist */ = {isa = PBXFileReference; lastKnownFileType = text.plist.xml; path = Info.plist; sourceTree = "<group>"; };
		DB826B371FAA9C7B00BAEF62 /* main.m */ = {isa = PBXFileReference; lastKnownFileType = sourcecode.c.objc; path = main.m; sourceTree = "<group>"; };
		DB826B401FAAA38700BAEF62 /* tablecontrollers.h */ = {isa = PBXFileReference; lastKnownFileType = sourcecode.c.h; path = tablecontrollers.h; sourceTree = "<group>"; };
		DB826B411FAAA38700BAEF62 /* tablecontrollers.m */ = {isa = PBXFileReference; lastKnownFileType = sourcecode.c.objc; path = tablecontrollers.m; sourceTree = "<group>"; };
		DB826B431FAAA3D100BAEF62 /* tablecontrollerfinal.h */ = {isa = PBXFileReference; lastKnownFileType = sourcecode.c.h; path = tablecontrollerfinal.h; sourceTree = "<group>"; };
		DB826B441FAAA3D100BAEF62 /* tablecontrollerfinal.m */ = {isa = PBXFileReference; lastKnownFileType = sourcecode.c.objc; path = tablecontrollerfinal.m; sourceTree = "<group>"; };
		DB826B461FAAA41100BAEF62 /* final.h */ = {isa = PBXFileReference; lastKnownFileType = sourcecode.c.h; path = final.h; sourceTree = "<group>"; };
		DB826B471FAAA41100BAEF62 /* final.m */ = {isa = PBXFileReference; lastKnownFileType = sourcecode.c.objc; path = final.m; sourceTree = "<group>"; };
/* End PBXFileReference section */

/* Begin PBXFrameworksBuildPhase section */
		DB826B1F1FAA9C7A00BAEF62 /* Frameworks */ = {
			isa = PBXFrameworksBuildPhase;
			buildActionMask = 2147483647;
			files = (
			);
			runOnlyForDeploymentPostprocessing = 0;
		};
/* End PBXFrameworksBuildPhase section */

/* Begin PBXGroup section */
		DB826B191FAA9C7A00BAEF62 = {
			isa = PBXGroup;
			children = (
				DB826B241FAA9C7A00BAEF62 /* Tarea5 */,
				DB826B231FAA9C7A00BAEF62 /* Products */,
			);
			sourceTree = "<group>";
		};
		DB826B231FAA9C7A00BAEF62 /* Products */ = {
			isa = PBXGroup;
			children = (
				DB826B221FAA9C7A00BAEF62 /* Tarea5.app */,
			);
			name = Products;
			sourceTree = "<group>";
		};
		DB826B241FAA9C7A00BAEF62 /* Tarea5 */ = {
			isa = PBXGroup;
			children = (
				DB826B3F1FAA9CA000BAEF62 /* Controllers */,
				DB826B3E1FAA9C8D00BAEF62 /* Main */,
				DB826B2B1FAA9C7B00BAEF62 /* Main.storyboard */,
				DB826B311FAA9C7B00BAEF62 /* Assets.xcassets */,
				DB826B331FAA9C7B00BAEF62 /* LaunchScreen.storyboard */,
				DB826B361FAA9C7B00BAEF62 /* Info.plist */,
				DB826B371FAA9C7B00BAEF62 /* main.m */,
				DB826B2E1FAA9C7B00BAEF62 /* Tarea5.xcdatamodeld */,
			);
			path = Tarea5;
			sourceTree = "<group>";
		};
		DB826B3E1FAA9C8D00BAEF62 /* Main */ = {
			isa = PBXGroup;
			children = (
				DB826B251FAA9C7B00BAEF62 /* AppDelegate.h */,
				DB826B261FAA9C7B00BAEF62 /* AppDelegate.m */,
			);
			path = Main;
			sourceTree = "<group>";
		};
		DB826B3F1FAA9CA000BAEF62 /* Controllers */ = {
			isa = PBXGroup;
			children = (
				DB826B281FAA9C7B00BAEF62 /* ViewController.h */,
				DB826B291FAA9C7B00BAEF62 /* ViewController.m */,
				DB826B401FAAA38700BAEF62 /* tablecontrollers.h */,
				DB826B411FAAA38700BAEF62 /* tablecontrollers.m */,
				DB826B431FAAA3D100BAEF62 /* tablecontrollerfinal.h */,
				DB826B441FAAA3D100BAEF62 /* tablecontrollerfinal.m */,
				DB826B461FAAA41100BAEF62 /* final.h */,
				DB826B471FAAA41100BAEF62 /* final.m */,
			);
			path = Controllers;
			sourceTree = "<group>";
		};
/* End PBXGroup section */

/* Begin PBXNativeTarget section */
		DB826B211FAA9C7A00BAEF62 /* Tarea5 */ = {
			isa = PBXNativeTarget;
			buildConfigurationList = DB826B3B1FAA9C7B00BAEF62 /* Build configuration list for PBXNativeTarget "Tarea5" */;
			buildPhases = (
				DB826B1E1FAA9C7A00BAEF62 /* Sources */,
				DB826B1F1FAA9C7A00BAEF62 /* Frameworks */,
				DB826B201FAA9C7A00BAEF62 /* Resources */,
			);
			buildRules = (
			);
			dependencies = (
			);
			name = Tarea5;
			productName = Tarea5;
			productReference = DB826B221FAA9C7A00BAEF62 /* Tarea5.app */;
			productType = "com.apple.product-type.application";
		};
/* End PBXNativeTarget section */

/* Begin PBXProject section */
		DB826B1A1FAA9C7A00BAEF62 /* Project object */ = {
			isa = PBXProject;
			attributes = {
				LastUpgradeCheck = 0900;
				ORGANIZATIONNAME = 2drink;
				TargetAttributes = {
					DB826B211FAA9C7A00BAEF62 = {
						CreatedOnToolsVersion = 9.0.1;
						ProvisioningStyle = Automatic;
					};
				};
			};
			buildConfigurationList = DB826B1D1FAA9C7A00BAEF62 /* Build configuration list for PBXProject "Tarea5" */;
			compatibilityVersion = "Xcode 8.0";
			developmentRegion = en;
			hasScannedForEncodings = 0;
			knownRegions = (
				en,
				Base,
			);
			mainGroup = DB826B191FAA9C7A00BAEF62;
			productRefGroup = DB826B231FAA9C7A00BAEF62 /* Products */;
			projectDirPath = "";
			projectRoot = "";
			targets = (
				DB826B211FAA9C7A00BAEF62 /* Tarea5 */,
			);
		};
/* End PBXProject section */

/* Begin PBXResourcesBuildPhase section */
		DB826B201FAA9C7A00BAEF62 /* Resources */ = {
			isa = PBXResourcesBuildPhase;
			buildActionMask = 2147483647;
			files = (
				DB826B351FAA9C7B00BAEF62 /* LaunchScreen.storyboard in Resources */,
				DB826B321FAA9C7B00BAEF62 /* Assets.xcassets in Resources */,
				DB826B2D1FAA9C7B00BAEF62 /* Main.storyboard in Resources */,
			);
			runOnlyForDeploymentPostprocessing = 0;
		};
/* End PBXResourcesBuildPhase section */

/* Begin PBXSourcesBuildPhase section */
		DB826B1E1FAA9C7A00BAEF62 /* Sources */ = {
			isa = PBXSourcesBuildPhase;
			buildActionMask = 2147483647;
			files = (
				DB826B301FAA9C7B00BAEF62 /* Tarea5.xcdatamodeld in Sources */,
				DB826B2A1FAA9C7B00BAEF62 /* ViewController.m in Sources */,
				DB826B381FAA9C7B00BAEF62 /* main.m in Sources */,
				DB826B421FAAA38700BAEF62 /* tablecontrollers.m in Sources */,
				DB826B271FAA9C7B00BAEF62 /* AppDelegate.m in Sources */,
				DB826B451FAAA3D100BAEF62 /* tablecontrollerfinal.m in Sources */,
				DB826B481FAAA41100BAEF62 /* final.m in Sources */,
			);
			runOnlyForDeploymentPostprocessing = 0;
		};
/* End PBXSourcesBuildPhase section */

/* Begin PBXVariantGroup section */
		DB826B2B1FAA9C7B00BAEF62 /* Main.storyboard */ = {
			isa = PBXVariantGroup;
			children = (
				DB826B2C1FAA9C7B00BAEF62 /* Base */,
			);
			name = Main.storyboard;
			sourceTree = "<group>";
		};
		DB826B331FAA9C7B00BAEF62 /* LaunchScreen.storyboard */ = {
			isa = PBXVariantGroup;
			children = (
				DB826B341FAA9C7B00BAEF62 /* Base */,
			);
			name = LaunchScreen.storyboard;
			sourceTree = "<group>";
		};
/* End PBXVariantGroup section */

/* Begin XCBuildConfiguration section */
		DB826B391FAA9C7B00BAEF62 /* Debug */ = {
			isa = XCBuildConfiguration;
			buildSettings = {
				ALWAYS_SEARCH_USER_PATHS = NO;
				CLANG_ANALYZER_NONNULL = YES;
				CLANG_ANALYZER_NUMBER_OBJECT_CONVERSION = YES_AGGRESSIVE;
				CLANG_CXX_LANGUAGE_STANDARD = "gnu++14";
				CLANG_CXX_LIBRARY = "libc++";
				CLANG_ENABLE_MODULES = YES;
				CLANG_ENABLE_OBJC_ARC = YES;
				CLANG_WARN_BLOCK_CAPTURE_AUTORELEASING = YES;
				CLANG_WARN_BOOL_CONVERSION = YES;
				CLANG_WARN_COMMA = YES;
				CLANG_WARN_CONSTANT_CONVERSION = YES;
				CLANG_WARN_DIRECT_OBJC_ISA_USAGE = YES_ERROR;
				CLANG_WARN_DOCUMENTATION_COMMENTS = YES;
				CLANG_WARN_EMPTY_BODY = YES;
				CLANG_WARN_ENUM_CONVERSION = YES;
				CLANG_WARN_INFINITE_RECURSION = YES;
				CLANG_WARN_INT_CONVERSION = YES;
				CLANG_WARN_NON_LITERAL_NULL_CONVERSION = YES;
				CLANG_WARN_OBJC_LITERAL_CONVERSION = YES;
				CLANG_WARN_OBJC_ROOT_CLASS = YES_ERROR;
				CLANG_WARN_RANGE_LOOP_ANALYSIS = YES;
				CLANG_WARN_STRICT_PROTOTYPES = YES;
				CLANG_WARN_SUSPICIOUS_MOVE = YES;
				CLANG_WARN_UNGUARDED_AVAILABILITY = YES_AGGRESSIVE;
				CLANG_WARN_UNREACHABLE_CODE = YES;
				CLANG_WARN__DUPLICATE_METHOD_MATCH = YES;
				CODE_SIGN_IDENTITY = "iPhone Developer";
				COPY_PHASE_STRIP = NO;
				DEBUG_INFORMATION_FORMAT = dwarf;
				ENABLE_STRICT_OBJC_MSGSEND = YES;
				ENABLE_TESTABILITY = YES;
				GCC_C_LANGUAGE_STANDARD = gnu11;
				GCC_DYNAMIC_NO_PIC = NO;
				GCC_NO_COMMON_BLOCKS = YES;
				GCC_OPTIMIZATION_LEVEL = 0;
				GCC_PREPROCESSOR_DEFINITIONS = (
					"DEBUG=1",
					"$(inherited)",
				);
				GCC_WARN_64_TO_32_BIT_CONVERSION = YES;
				GCC_WARN_ABOUT_RETURN_TYPE = YES_ERROR;
				GCC_WARN_UNDECLARED_SELECTOR = YES;
				GCC_WARN_UNINITIALIZED_AUTOS = YES_AGGRESSIVE;
				GCC_WARN_UNUSED_FUNCTION = YES;
				GCC_WARN_UNUSED_VARIABLE = YES;
				IPHONEOS_DEPLOYMENT_TARGET = 11.0;
				MTL_ENABLE_DEBUG_INFO = YES;
				ONLY_ACTIVE_ARCH = YES;
				SDKROOT = iphoneos;
			};
			name = Debug;
		};
		DB826B3A1FAA9C7B00BAEF62 /* Release */ = {
			isa = XCBuildConfiguration;
			buildSettings = {
				ALWAYS_SEARCH_USER_PATHS = NO;
				CLANG_ANALYZER_NONNULL = YES;
				CLANG_ANALYZER_NUMBER_OBJECT_CONVERSION = YES_AGGRESSIVE;
				CLANG_CXX_LANGUAGE_STANDARD = "gnu++14";
				CLANG_CXX_LIBRARY = "libc++";
				CLANG_ENABLE_MODULES = YES;
				CLANG_ENABLE_OBJC_ARC = YES;
				CLANG_WARN_BLOCK_CAPTURE_AUTORELEASING = YES;
				CLANG_WARN_BOOL_CONVERSION = YES;
				CLANG_WARN_COMMA = YES;
				CLANG_WARN_CONSTANT_CONVERSION = YES;
				CLANG_WARN_DIRECT_OBJC_ISA_USAGE = YES_ERROR;
				CLANG_WARN_DOCUMENTATION_COMMENTS = YES;
				CLANG_WARN_EMPTY_BODY = YES;
				CLANG_WARN_ENUM_CONVERSION = YES;
				CLANG_WARN_INFINITE_RECURSION = YES;
				CLANG_WARN_INT_CONVERSION = YES;
				CLANG_WARN_NON_LITERAL_NULL_CONVERSION = YES;
				CLANG_WARN_OBJC_LITERAL_CONVERSION = YES;
				CLANG_WARN_OBJC_ROOT_CLASS = YES_ERROR;
				CLANG_WARN_RANGE_LOOP_ANALYSIS = YES;
				CLANG_WARN_STRICT_PROTOTYPES = YES;
				CLANG_WARN_SUSPICIOUS_MOVE = YES;
				CLANG_WARN_UNGUARDED_AVAILABILITY = YES_AGGRESSIVE;
				CLANG_WARN_UNREACHABLE_CODE = YES;
				CLANG_WARN__DUPLICATE_METHOD_MATCH = YES;
				CODE_SIGN_IDENTITY = "iPhone Developer";
				COPY_PHASE_STRIP = NO;
				DEBUG_INFORMATION_FORMAT = "dwarf-with-dsym";
				ENABLE_NS_ASSERTIONS = NO;
				ENABLE_STRICT_OBJC_MSGSEND = YES;
				GCC_C_LANGUAGE_STANDARD = gnu11;
				GCC_NO_COMMON_BLOCKS = YES;
				GCC_WARN_64_TO_32_BIT_CONVERSION = YES;
				GCC_WARN_ABOUT_RETURN_TYPE = YES_ERROR;
				GCC_WARN_UNDECLARED_SELECTOR = YES;
				GCC_WARN_UNINITIALIZED_AUTOS = YES_AGGRESSIVE;
				GCC_WARN_UNUSED_FUNCTION = YES;
				GCC_WARN_UNUSED_VARIABLE = YES;
				IPHONEOS_DEPLOYMENT_TARGET = 11.0;
				MTL_ENABLE_DEBUG_INFO = NO;
				SDKROOT = iphoneos;
				VALIDATE_PRODUCT = YES;
			};
			name = Release;
		};
		DB826B3C1FAA9C7B00BAEF62 /* Debug */ = {
			isa = XCBuildConfiguration;
			buildSettings = {
				ASSETCATALOG_COMPILER_APPICON_NAME = AppIcon;
				CODE_SIGN_STYLE = Automatic;
				INFOPLIST_FILE = Tarea5/Info.plist;
				LD_RUNPATH_SEARCH_PATHS = "$(inherited) @executable_path/Frameworks";
				PRODUCT_BUNDLE_IDENTIFIER = com.2drink.Tarea5;
				PRODUCT_NAME = "$(TARGET_NAME)";
				TARGETED_DEVICE_FAMILY = "1,2";
			};
			name = Debug;
		};
		DB826B3D1FAA9C7B00BAEF62 /* Release */ = {
			isa = XCBuildConfiguration;
			buildSettings = {
				ASSETCATALOG_COMPILER_APPICON_NAME = AppIcon;
				CODE_SIGN_STYLE = Automatic;
				INFOPLIST_FILE = Tarea5/Info.plist;
				LD_RUNPATH_SEARCH_PATHS = "$(inherited) @executable_path/Frameworks";
				PRODUCT_BUNDLE_IDENTIFIER = com.2drink.Tarea5;
				PRODUCT_NAME = "$(TARGET_NAME)";
				TARGETED_DEVICE_FAMILY = "1,2";
			};
			name = Release;
		};
/* End XCBuildConfiguration section */

/* Begin XCConfigurationList section */
		DB826B1D1FAA9C7A00BAEF62 /* Build configuration list for PBXProject "Tarea5" */ = {
			isa = XCConfigurationList;
			buildConfigurations = (
				DB826B391FAA9C7B00BAEF62 /* Debug */,
				DB826B3A1FAA9C7B00BAEF62 /* Release */,
			);
			defaultConfigurationIsVisible = 0;
			defaultConfigurationName = Release;
		};
		DB826B3B1FAA9C7B00BAEF62 /* Build configuration list for PBXNativeTarget "Tarea5" */ = {
			isa = XCConfigurationList;
			buildConfigurations = (
				DB826B3C1FAA9C7B00BAEF62 /* Debug */,
				DB826B3D1FAA9C7B00BAEF62 /* Release */,
			);
			defaultConfigurationIsVisible = 0;
			defaultConfigurationName = Release;
		};
/* End XCConfigurationList section */

/* Begin XCVersionGroup section */
		DB826B2E1FAA9C7B00BAEF62 /* Tarea5.xcdatamodeld */ = {
			isa = XCVersionGroup;
			children = (
				DB826B2F1FAA9C7B00BAEF62 /* Tarea5.xcdatamodel */,
			);
			currentVersion = DB826B2F1FAA9C7B00BAEF62 /* Tarea5.xcdatamodel */;
			path = Tarea5.xcdatamodeld;
			sourceTree = "<group>";
			versionGroupType = wrapper.xcdatamodel;
		};
/* End XCVersionGroup section */
	};
	rootObject = DB826B1A1FAA9C7A00BAEF62 /* Project object */;
}
